
Microsoft Visual Studio Solution File, Format Version 12.00
# Visual Studio 15
VisualStudioVersion = 15.0.26730.16
MinimumVisualStudioVersion = 10.0.40219.1
Project("{9A19103F-16F7-4668-BE54-9A1E7A4F7556}") = "UniAccomodation", "UniAccomodation\UniAccomodation.csproj", "{C7043B06-6354-4CAC-9C52-EA16ECAB55F6}"
EndProject
Project("{FAE04EC0-301F-11D3-BF4B-00C04F79EFBC}") = "UniAccomodationTest", "UniAccomodationTest\UniAccomodationTest.csproj", "{980A1A6C-2FDF-4984-8204-7245247139DF}"
EndProject
Global
	GlobalSection(SolutionConfigurationPlatforms) = preSolution
		Debug|Any CPU = Debug|Any CPU
		Release|Any CPU = Release|Any CPU
	EndGlobalSection
	GlobalSection(ProjectConfigurationPlatforms) = postSolution
		{C7043B06-6354-4CAC-9C52-EA16ECAB55F6}.Debug|Any CPU.ActiveCfg = Debug|Any CPU
		{C7043B06-6354-4CAC-9C52-EA16ECAB55F6}.Debug|Any CPU.Build.0 = Debug|Any CPU
		{C7043B06-6354-4CAC-9C52-EA16ECAB55F6}.Release|Any CPU.ActiveCfg = Release|Any CPU
		{C7043B06-6354-4CAC-9C52-EA16ECAB55F6}.Release|Any CPU.Build.0 = Release|Any CPU
		{980A1A6C-2FDF-4984-8204-7245247139DF}.Debug|Any CPU.ActiveCfg = Debug|Any CPU
		{980A1A6C-2FDF-4984-8204-7245247139DF}.Debug|Any CPU.Build.0 = Debug|Any CPU
		{980A1A6C-2FDF-4984-8204-7245247139DF}.Release|Any CPU.ActiveCfg = Release|Any CPU
		{980A1A6C-2FDF-4984-8204-7245247139DF}.Release|Any CPU.Build.0 = Release|Any CPU
	EndGlobalSection
	GlobalSection(SolutionProperties) = preSolution
		HideSolutionNode = FALSE
	EndGlobalSection
	GlobalSection(ExtensibilityGlobals) = postSolution
		SolutionGuid = {F8F8BDBE-5716-4C6E-B128-B944D777B7BE}
	EndGlobalSection
	GlobalSection(TeamFoundationVersionControl) = preSolution
		SccNumberOfProjects = 3
		SccEnterpriseProvider = {4CA58AB2-18FA-4F8D-95D4-32DDF27D184C}
		SccTeamFoundationServer = https://aaar1n17.visualstudio.com/
		SccLocalPath0 = .
		SccProjectUniqueName1 = UniAccomodation\\UniAccomodation.csproj
		SccProjectName1 = UniAccomodation
		SccLocalPath1 = UniAccomodation
		SccProjectUniqueName2 = UniAccomodationTest\\UniAccomodationTest.csproj
		SccProjectName2 = UniAccomodationTest
		SccLocalPath2 = UniAccomodationTest
	EndGlobalSection
EndGlobal
